```
Title: Custom Guide Block Tip
Author: Daniel Quah
Email: support@contextu.al
TestApp: https://github.com/contextu-al/FavDish
TestAppBranch: main
Description: A custom test tip guideblock to demonstrate how GB developer can attach custom Guide block to tip.
Extensibility: {
  {
    "guideBlockKey": "TestTip"
  }
}
```
